
Microsoft Visual Studio Solution File, Format Version 12.00
# Visual Studio Version 16
VisualStudioVersion = 16.0.28803.916
MinimumVisualStudioVersion = 10.0.40219.1
Project("{FAE04EC0-301F-11D3-BF4B-00C04F79EFBC}") = "Projection_Of_Point", "Projection_Of_Point.csproj", "{333C79F1-C65F-4E0C-A397-9C6D5E714F50}"
EndProject
Global
	GlobalSection(SolutionConfigurationPlatforms) = preSolution
		Debug|Any CPU = Debug|Any CPU
		Release|Any CPU = Release|Any CPU
	EndGlobalSection
	GlobalSection(ProjectConfigurationPlatforms) = postSolution
		{333C79F1-C65F-4E0C-A397-9C6D5E714F50}.Debug|Any CPU.ActiveCfg = Debug|Any CPU
		{333C79F1-C65F-4E0C-A397-9C6D5E714F50}.Debug|Any CPU.Build.0 = Debug|Any CPU
		{333C79F1-C65F-4E0C-A397-9C6D5E714F50}.Release|Any CPU.ActiveCfg = Release|Any CPU
		{333C79F1-C65F-4E0C-A397-9C6D5E714F50}.Release|Any CPU.Build.0 = Release|Any CPU
	EndGlobalSection
	GlobalSection(SolutionProperties) = preSolution
		HideSolutionNode = FALSE
	EndGlobalSection
	GlobalSection(ExtensibilityGlobals) = postSolution
		SolutionGuid = {800DDB7A-EBDE-4138-A42E-508602F71C20}
	EndGlobalSection
EndGlobal
